// !$*UTF8*$!
{
	archiveVersion = 1;
	classes = {
	};
	objectVersion = 46;
	objects = {

/* Begin PBXBuildFile section */
		485807721EE41DB70069C3D2 /* AppDelegate.swift in Sources */ = {isa = PBXBuildFile; fileRef = 485807711EE41DB70069C3D2 /* AppDelegate.swift */; };
		485807771EE41DB70069C3D2 /* Main.storyboard in Resources */ = {isa = PBXBuildFile; fileRef = 485807751EE41DB70069C3D2 /* Main.storyboard */; };
		4858077A1EE41DB70069C3D2 /* listenUp.xcdatamodeld in Sources */ = {isa = PBXBuildFile; fileRef = 485807781EE41DB70069C3D2 /* listenUp.xcdatamodeld */; };
		4858077C1EE41DB70069C3D2 /* Assets.xcassets in Resources */ = {isa = PBXBuildFile; fileRef = 4858077B1EE41DB70069C3D2 /* Assets.xcassets */; };
		4858077F1EE41DB70069C3D2 /* LaunchScreen.storyboard in Resources */ = {isa = PBXBuildFile; fileRef = 4858077D1EE41DB70069C3D2 /* LaunchScreen.storyboard */; };
		4858078A1EE41DB70069C3D2 /* listenUpTests.swift in Sources */ = {isa = PBXBuildFile; fileRef = 485807891EE41DB70069C3D2 /* listenUpTests.swift */; };
		485807951EE41DB70069C3D2 /* listenUpUITests.swift in Sources */ = {isa = PBXBuildFile; fileRef = 485807941EE41DB70069C3D2 /* listenUpUITests.swift */; };
		485807AD1EE448AA0069C3D2 /* ViewController.swift in Sources */ = {isa = PBXBuildFile; fileRef = 485807AC1EE448AA0069C3D2 /* ViewController.swift */; };
		485807AF1EE48D890069C3D2 /* Song.swift in Sources */ = {isa = PBXBuildFile; fileRef = 485807AE1EE48D890069C3D2 /* Song.swift */; };
		485807B21EE4A7DB0069C3D2 /* SongCell.swift in Sources */ = {isa = PBXBuildFile; fileRef = 485807B11EE4A7DB0069C3D2 /* SongCell.swift */; };
		485807B41EE5608C0069C3D2 /* PlayViewController.swift in Sources */ = {isa = PBXBuildFile; fileRef = 485807B31EE5608C0069C3D2 /* PlayViewController.swift */; };
/* End PBXBuildFile section */

/* Begin PBXContainerItemProxy section */
		485807861EE41DB70069C3D2 /* PBXContainerItemProxy */ = {
			isa = PBXContainerItemProxy;
			containerPortal = 485807661EE41DB70069C3D2 /* Project object */;
			proxyType = 1;
			remoteGlobalIDString = 4858076D1EE41DB70069C3D2;
			remoteInfo = listenUp;
		};
		485807911EE41DB70069C3D2 /* PBXContainerItemProxy */ = {
			isa = PBXContainerItemProxy;
			containerPortal = 485807661EE41DB70069C3D2 /* Project object */;
			proxyType = 1;
			remoteGlobalIDString = 4858076D1EE41DB70069C3D2;
			remoteInfo = listenUp;
		};
/* End PBXContainerItemProxy section */

/* Begin PBXFileReference section */
		4858076E1EE41DB70069C3D2 /* listenUp.app */ = {isa = PBXFileReference; explicitFileType = wrapper.application; includeInIndex = 0; path = listenUp.app; sourceTree = BUILT_PRODUCTS_DIR; };
		485807711EE41DB70069C3D2 /* AppDelegate.swift */ = {isa = PBXFileReference; lastKnownFileType = sourcecode.swift; path = AppDelegate.swift; sourceTree = "<group>"; };
		485807761EE41DB70069C3D2 /* Base */ = {isa = PBXFileReference; lastKnownFileType = file.storyboard; name = Base; path = Base.lproj/Main.storyboard; sourceTree = "<group>"; };
		485807791EE41DB70069C3D2 /* listenUp.xcdatamodel */ = {isa = PBXFileReference; lastKnownFileType = wrapper.xcdatamodel; path = listenUp.xcdatamodel; sourceTree = "<group>"; };
		4858077B1EE41DB70069C3D2 /* Assets.xcassets */ = {isa = PBXFileReference; lastKnownFileType = folder.assetcatalog; path = Assets.xcassets; sourceTree = "<group>"; };
		4858077E1EE41DB70069C3D2 /* Base */ = {isa = PBXFileReference; lastKnownFileType = file.storyboard; name = Base; path = Base.lproj/LaunchScreen.storyboard; sourceTree = "<group>"; };
		485807801EE41DB70069C3D2 /* Info.plist */ = {isa = PBXFileReference; lastKnownFileType = text.plist.xml; path = Info.plist; sourceTree = "<group>"; };
		485807851EE41DB70069C3D2 /* listenUpTests.xctest */ = {isa = PBXFileReference; explicitFileType = wrapper.cfbundle; includeInIndex = 0; path = listenUpTests.xctest; sourceTree = BUILT_PRODUCTS_DIR; };
		485807891EE41DB70069C3D2 /* listenUpTests.swift */ = {isa = PBXFileReference; lastKnownFileType = sourcecode.swift; path = listenUpTests.swift; sourceTree = "<group>"; };
		4858078B1EE41DB70069C3D2 /* Info.plist */ = {isa = PBXFileReference; lastKnownFileType = text.plist.xml; path = Info.plist; sourceTree = "<group>"; };
		485807901EE41DB70069C3D2 /* listenUpUITests.xctest */ = {isa = PBXFileReference; explicitFileType = wrapper.cfbundle; includeInIndex = 0; path = listenUpUITests.xctest; sourceTree = BUILT_PRODUCTS_DIR; };
		485807941EE41DB70069C3D2 /* listenUpUITests.swift */ = {isa = PBXFileReference; lastKnownFileType = sourcecode.swift; path = listenUpUITests.swift; sourceTree = "<group>"; };
		485807961EE41DB70069C3D2 /* Info.plist */ = {isa = PBXFileReference; lastKnownFileType = text.plist.xml; path = Info.plist; sourceTree = "<group>"; };
		485807AC1EE448AA0069C3D2 /* ViewController.swift */ = {isa = PBXFileReference; fileEncoding = 4; lastKnownFileType = sourcecode.swift; path = ViewController.swift; sourceTree = "<group>"; };
		485807AE1EE48D890069C3D2 /* Song.swift */ = {isa = PBXFileReference; fileEncoding = 4; lastKnownFileType = sourcecode.swift; path = Song.swift; sourceTree = "<group>"; };
		485807B11EE4A7DB0069C3D2 /* SongCell.swift */ = {isa = PBXFileReference; fileEncoding = 4; lastKnownFileType = sourcecode.swift; path = SongCell.swift; sourceTree = "<group>"; };
		485807B31EE5608C0069C3D2 /* PlayViewController.swift */ = {isa = PBXFileReference; fileEncoding = 4; lastKnownFileType = sourcecode.swift; path = PlayViewController.swift; sourceTree = "<group>"; };
/* End PBXFileReference section */

/* Begin PBXFrameworksBuildPhase section */
		4858076B1EE41DB70069C3D2 /* Frameworks */ = {
			isa = PBXFrameworksBuildPhase;
			buildActionMask = 2147483647;
			files = (
			);
			runOnlyForDeploymentPostprocessing = 0;
		};
		485807821EE41DB70069C3D2 /* Frameworks */ = {
			isa = PBXFrameworksBuildPhase;
			buildActionMask = 2147483647;
			files = (
			);
			runOnlyForDeploymentPostprocessing = 0;
		};
		4858078D1EE41DB70069C3D2 /* Frameworks */ = {
			isa = PBXFrameworksBuildPhase;
			buildActionMask = 2147483647;
			files = (
			);
			runOnlyForDeploymentPostprocessing = 0;
		};
/* End PBXFrameworksBuildPhase section */

/* Begin PBXGroup section */
		485807651EE41DB70069C3D2 = {
			isa = PBXGroup;
			children = (
				485807701EE41DB70069C3D2 /* listenUp */,
				485807881EE41DB70069C3D2 /* listenUpTests */,
				485807931EE41DB70069C3D2 /* listenUpUITests */,
				4858076F1EE41DB70069C3D2 /* Products */,
			);
			sourceTree = "<group>";
		};
		4858076F1EE41DB70069C3D2 /* Products */ = {
			isa = PBXGroup;
			children = (
				4858076E1EE41DB70069C3D2 /* listenUp.app */,
				485807851EE41DB70069C3D2 /* listenUpTests.xctest */,
				485807901EE41DB70069C3D2 /* listenUpUITests.xctest */,
			);
			name = Products;
			sourceTree = "<group>";
		};
		485807701EE41DB70069C3D2 /* listenUp */ = {
			isa = PBXGroup;
			children = (
				485807B01EE48D930069C3D2 /* entity */,
				485807AC1EE448AA0069C3D2 /* ViewController.swift */,
				485807711EE41DB70069C3D2 /* AppDelegate.swift */,
				485807B31EE5608C0069C3D2 /* PlayViewController.swift */,
				485807751EE41DB70069C3D2 /* Main.storyboard */,
				4858077B1EE41DB70069C3D2 /* Assets.xcassets */,
				4858077D1EE41DB70069C3D2 /* LaunchScreen.storyboard */,
				485807801EE41DB70069C3D2 /* Info.plist */,
				485807781EE41DB70069C3D2 /* listenUp.xcdatamodeld */,
			);
			path = listenUp;
			sourceTree = "<group>";
		};
		485807881EE41DB70069C3D2 /* listenUpTests */ = {
			isa = PBXGroup;
			children = (
				485807891EE41DB70069C3D2 /* listenUpTests.swift */,
				4858078B1EE41DB70069C3D2 /* Info.plist */,
			);
			path = listenUpTests;
			sourceTree = "<group>";
		};
		485807931EE41DB70069C3D2 /* listenUpUITests */ = {
			isa = PBXGroup;
			children = (
				485807941EE41DB70069C3D2 /* listenUpUITests.swift */,
				485807961EE41DB70069C3D2 /* Info.plist */,
			);
			path = listenUpUITests;
			sourceTree = "<group>";
		};
		485807B01EE48D930069C3D2 /* entity */ = {
			isa = PBXGroup;
			children = (
				485807AE1EE48D890069C3D2 /* Song.swift */,
				485807B11EE4A7DB0069C3D2 /* SongCell.swift */,
			);
			name = entity;
			sourceTree = "<group>";
		};
/* End PBXGroup section */

/* Begin PBXNativeTarget section */
		4858076D1EE41DB70069C3D2 /* listenUp */ = {
			isa = PBXNativeTarget;
			buildConfigurationList = 485807991EE41DB70069C3D2 /* Build configuration list for PBXNativeTarget "listenUp" */;
			buildPhases = (
				4858076A1EE41DB70069C3D2 /* Sources */,
				4858076B1EE41DB70069C3D2 /* Frameworks */,
				4858076C1EE41DB70069C3D2 /* Resources */,
			);
			buildRules = (
			);
			dependencies = (
			);
			name = listenUp;
			productName = listenUp;
			productReference = 4858076E1EE41DB70069C3D2 /* listenUp.app */;
			productType = "com.apple.product-type.application";
		};
		485807841EE41DB70069C3D2 /* listenUpTests */ = {
			isa = PBXNativeTarget;
			buildConfigurationList = 4858079C1EE41DB70069C3D2 /* Build configuration list for PBXNativeTarget "listenUpTests" */;
			buildPhases = (
				485807811EE41DB70069C3D2 /* Sources */,
				485807821EE41DB70069C3D2 /* Frameworks */,
				485807831EE41DB70069C3D2 /* Resources */,
			);
			buildRules = (
			);
			dependencies = (
				485807871EE41DB70069C3D2 /* PBXTargetDependency */,
			);
			name = listenUpTests;
			productName = listenUpTests;
			productReference = 485807851EE41DB70069C3D2 /* listenUpTests.xctest */;
			productType = "com.apple.product-type.bundle.unit-test";
		};
		4858078F1EE41DB70069C3D2 /* listenUpUITests */ = {
			isa = PBXNativeTarget;
			buildConfigurationList = 4858079F1EE41DB70069C3D2 /* Build configuration list for PBXNativeTarget "listenUpUITests" */;
			buildPhases = (
				4858078C1EE41DB70069C3D2 /* Sources */,
				4858078D1EE41DB70069C3D2 /* Frameworks */,
				4858078E1EE41DB70069C3D2 /* Resources */,
			);
			buildRules = (
			);
			dependencies = (
				485807921EE41DB70069C3D2 /* PBXTargetDependency */,
			);
			name = listenUpUITests;
			productName = listenUpUITests;
			productReference = 485807901EE41DB70069C3D2 /* listenUpUITests.xctest */;
			productType = "com.apple.product-type.bundle.ui-testing";
		};
/* End PBXNativeTarget section */

/* Begin PBXProject section */
		485807661EE41DB70069C3D2 /* Project object */ = {
			isa = PBXProject;
			attributes = {
				LastSwiftUpdateCheck = 0830;
				LastUpgradeCheck = 0830;
				ORGANIZATIONNAME = "Marcos Mejias";
				TargetAttributes = {
					4858076D1EE41DB70069C3D2 = {
						CreatedOnToolsVersion = 8.3.2;
						DevelopmentTeam = XP6SS4MYGN;
						ProvisioningStyle = Automatic;
					};
					485807841EE41DB70069C3D2 = {
						CreatedOnToolsVersion = 8.3.2;
						DevelopmentTeam = XP6SS4MYGN;
						ProvisioningStyle = Automatic;
						TestTargetID = 4858076D1EE41DB70069C3D2;
					};
					4858078F1EE41DB70069C3D2 = {
						CreatedOnToolsVersion = 8.3.2;
						DevelopmentTeam = XP6SS4MYGN;
						ProvisioningStyle = Automatic;
						TestTargetID = 4858076D1EE41DB70069C3D2;
					};
				};
			};
			buildConfigurationList = 485807691EE41DB70069C3D2 /* Build configuration list for PBXProject "listenUp" */;
			compatibilityVersion = "Xcode 3.2";
			developmentRegion = English;
			hasScannedForEncodings = 0;
			knownRegions = (
				en,
				Base,
			);
			mainGroup = 485807651EE41DB70069C3D2;
			productRefGroup = 4858076F1EE41DB70069C3D2 /* Products */;
			projectDirPath = "";
			projectRoot = "";
			targets = (
				4858076D1EE41DB70069C3D2 /* listenUp */,
				485807841EE41DB70069C3D2 /* listenUpTests */,
				4858078F1EE41DB70069C3D2 /* listenUpUITests */,
			);
		};
/* End PBXProject section */

/* Begin PBXResourcesBuildPhase section */
		4858076C1EE41DB70069C3D2 /* Resources */ = {
			isa = PBXResourcesBuildPhase;
			buildActionMask = 2147483647;
			files = (
				4858077F1EE41DB70069C3D2 /* LaunchScreen.storyboard in Resources */,
				4858077C1EE41DB70069C3D2 /* Assets.xcassets in Resources */,
				485807771EE41DB70069C3D2 /* Main.storyboard in Resources */,
			);
			runOnlyForDeploymentPostprocessing = 0;
		};
		485807831EE41DB70069C3D2 /* Resources */ = {
			isa = PBXResourcesBuildPhase;
			buildActionMask = 2147483647;
			files = (
			);
			runOnlyForDeploymentPostprocessing = 0;
		};
		4858078E1EE41DB70069C3D2 /* Resources */ = {
			isa = PBXResourcesBuildPhase;
			buildActionMask = 2147483647;
			files = (
			);
			runOnlyForDeploymentPostprocessing = 0;
		};
/* End PBXResourcesBuildPhase section */

/* Begin PBXSourcesBuildPhase section */
		4858076A1EE41DB70069C3D2 /* Sources */ = {
			isa = PBXSourcesBuildPhase;
			buildActionMask = 2147483647;
			files = (
				485807AF1EE48D890069C3D2 /* Song.swift in Sources */,
				485807AD1EE448AA0069C3D2 /* ViewController.swift in Sources */,
				4858077A1EE41DB70069C3D2 /* listenUp.xcdatamodeld in Sources */,
				485807B21EE4A7DB0069C3D2 /* SongCell.swift in Sources */,
				485807B41EE5608C0069C3D2 /* PlayViewController.swift in Sources */,
				485807721EE41DB70069C3D2 /* AppDelegate.swift in Sources */,
			);
			runOnlyForDeploymentPostprocessing = 0;
		};
		485807811EE41DB70069C3D2 /* Sources */ = {
			isa = PBXSourcesBuildPhase;
			buildActionMask = 2147483647;
			files = (
				4858078A1EE41DB70069C3D2 /* listenUpTests.swift in Sources */,
			);
			runOnlyForDeploymentPostprocessing = 0;
		};
		4858078C1EE41DB70069C3D2 /* Sources */ = {
			isa = PBXSourcesBuildPhase;
			buildActionMask = 2147483647;
			files = (
				485807951EE41DB70069C3D2 /* listenUpUITests.swift in Sources */,
			);
			runOnlyForDeploymentPostprocessing = 0;
		};
/* End PBXSourcesBuildPhase section */

/* Begin PBXTargetDependency section */
		485807871EE41DB70069C3D2 /* PBXTargetDependency */ = {
			isa = PBXTargetDependency;
			target = 4858076D1EE41DB70069C3D2 /* listenUp */;
			targetProxy = 485807861EE41DB70069C3D2 /* PBXContainerItemProxy */;
		};
		485807921EE41DB70069C3D2 /* PBXTargetDependency */ = {
			isa = PBXTargetDependency;
			target = 4858076D1EE41DB70069C3D2 /* listenUp */;
			targetProxy = 485807911EE41DB70069C3D2 /* PBXContainerItemProxy */;
		};
/* End PBXTargetDependency section */

/* Begin PBXVariantGroup section */
		485807751EE41DB70069C3D2 /* Main.storyboard */ = {
			isa = PBXVariantGroup;
			children = (
				485807761EE41DB70069C3D2 /* Base */,
			);
			name = Main.storyboard;
			sourceTree = "<group>";
		};
		4858077D1EE41DB70069C3D2 /* LaunchScreen.storyboard */ = {
			isa = PBXVariantGroup;
			children = (
				4858077E1EE41DB70069C3D2 /* Base */,
			);
			name = LaunchScreen.storyboard;
			sourceTree = "<group>";
		};
/* End PBXVariantGroup section */

/* Begin XCBuildConfiguration section */
		485807971EE41DB70069C3D2 /* Debug */ = {
			isa = XCBuildConfiguration;
			buildSettings = {
				ALWAYS_SEARCH_USER_PATHS = NO;
				CLANG_ANALYZER_NONNULL = YES;
				CLANG_ANALYZER_NUMBER_OBJECT_CONVERSION = YES_AGGRESSIVE;
				CLANG_CXX_LANGUAGE_STANDARD = "gnu++0x";
				CLANG_CXX_LIBRARY = "libc++";
				CLANG_ENABLE_MODULES = YES;
				CLANG_ENABLE_OBJC_ARC = YES;
				CLANG_WARN_BOOL_CONVERSION = YES;
				CLANG_WARN_CONSTANT_CONVERSION = YES;
				CLANG_WARN_DIRECT_OBJC_ISA_USAGE = YES_ERROR;
				CLANG_WARN_DOCUMENTATION_COMMENTS = YES;
				CLANG_WARN_EMPTY_BODY = YES;
				CLANG_WARN_ENUM_CONVERSION = YES;
				CLANG_WARN_INFINITE_RECURSION = YES;
				CLANG_WARN_INT_CONVERSION = YES;
				CLANG_WARN_OBJC_ROOT_CLASS = YES_ERROR;
				CLANG_WARN_SUSPICIOUS_MOVE = YES;
				CLANG_WARN_UNREACHABLE_CODE = YES;
				CLANG_WARN__DUPLICATE_METHOD_MATCH = YES;
				"CODE_SIGN_IDENTITY[sdk=iphoneos*]" = "iPhone Developer";
				COPY_PHASE_STRIP = NO;
				DEBUG_INFORMATION_FORMAT = dwarf;
				ENABLE_STRICT_OBJC_MSGSEND = YES;
				ENABLE_TESTABILITY = YES;
				GCC_C_LANGUAGE_STANDARD = gnu99;
				GCC_DYNAMIC_NO_PIC = NO;
				GCC_NO_COMMON_BLOCKS = YES;
				GCC_OPTIMIZATION_LEVEL = 0;
				GCC_PREPROCESSOR_DEFINITIONS = (
					"DEBUG=1",
					"$(inherited)",
				);
				GCC_WARN_64_TO_32_BIT_CONVERSION = YES;
				GCC_WARN_ABOUT_RETURN_TYPE = YES_ERROR;
				GCC_WARN_UNDECLARED_SELECTOR = YES;
				GCC_WARN_UNINITIALIZED_AUTOS = YES_AGGRESSIVE;
				GCC_WARN_UNUSED_FUNCTION = YES;
				GCC_WARN_UNUSED_VARIABLE = YES;
				IPHONEOS_DEPLOYMENT_TARGET = 10.3;
				MTL_ENABLE_DEBUG_INFO = YES;
				ONLY_ACTIVE_ARCH = YES;
				SDKROOT = iphoneos;
				SWIFT_ACTIVE_COMPILATION_CONDITIONS = DEBUG;
				SWIFT_OPTIMIZATION_LEVEL = "-Onone";
				TARGETED_DEVICE_FAMILY = "1,2";
			};
			name = Debug;
		};
		485807981EE41DB70069C3D2 /* Release */ = {
			isa = XCBuildConfiguration;
			buildSettings = {
				ALWAYS_SEARCH_USER_PATHS = NO;
				CLANG_ANALYZER_NONNULL = YES;
				CLANG_ANALYZER_NUMBER_OBJECT_CONVERSION = YES_AGGRESSIVE;
				CLANG_CXX_LANGUAGE_STANDARD = "gnu++0x";
				CLANG_CXX_LIBRARY = "libc++";
				CLANG_ENABLE_MODULES = YES;
				CLANG_ENABLE_OBJC_ARC = YES;
				CLANG_WARN_BOOL_CONVERSION = YES;
				CLANG_WARN_CONSTANT_CONVERSION = YES;
				CLANG_WARN_DIRECT_OBJC_ISA_USAGE = YES_ERROR;
				CLANG_WARN_DOCUMENTATION_COMMENTS = YES;
				CLANG_WARN_EMPTY_BODY = YES;
				CLANG_WARN_ENUM_CONVERSION = YES;
				CLANG_WARN_INFINITE_RECURSION = YES;
				CLANG_WARN_INT_CONVERSION = YES;
				CLANG_WARN_OBJC_ROOT_CLASS = YES_ERROR;
				CLANG_WARN_SUSPICIOUS_MOVE = YES;
				CLANG_WARN_UNREACHABLE_CODE = YES;
				CLANG_WARN__DUPLICATE_METHOD_MATCH = YES;
				"CODE_SIGN_IDENTITY[sdk=iphoneos*]" = "iPhone Developer";
				COPY_PHASE_STRIP = NO;
				DEBUG_INFORMATION_FORMAT = "dwarf-with-dsym";
				ENABLE_NS_ASSERTIONS = NO;
				ENABLE_STRICT_OBJC_MSGSEND = YES;
				GCC_C_LANGUAGE_STANDARD = gnu99;
				GCC_NO_COMMON_BLOCKS = YES;
				GCC_WARN_64_TO_32_BIT_CONVERSION = YES;
				GCC_WARN_ABOUT_RETURN_TYPE = YES_ERROR;
				GCC_WARN_UNDECLARED_SELECTOR = YES;
				GCC_WARN_UNINITIALIZED_AUTOS = YES_AGGRESSIVE;
				GCC_WARN_UNUSED_FUNCTION = YES;
				GCC_WARN_UNUSED_VARIABLE = YES;
				IPHONEOS_DEPLOYMENT_TARGET = 10.3;
				MTL_ENABLE_DEBUG_INFO = NO;
				SDKROOT = iphoneos;
				SWIFT_OPTIMIZATION_LEVEL = "-Owholemodule";
				TARGETED_DEVICE_FAMILY = "1,2";
				VALIDATE_PRODUCT = YES;
			};
			name = Release;
		};
		4858079A1EE41DB70069C3D2 /* Debug */ = {
			isa = XCBuildConfiguration;
			buildSettings = {
				ASSETCATALOG_COMPILER_APPICON_NAME = AppIcon;
				DEVELOPMENT_TEAM = XP6SS4MYGN;
				INFOPLIST_FILE = listenUp/Info.plist;
				LD_RUNPATH_SEARCH_PATHS = "$(inherited) @executable_path/Frameworks";
				PRODUCT_BUNDLE_IDENTIFIER = mmg.listenUp;
				PRODUCT_NAME = "$(TARGET_NAME)";
				SWIFT_VERSION = 3.0;
			};
			name = Debug;
		};
		4858079B1EE41DB70069C3D2 /* Release */ = {
			isa = XCBuildConfiguration;
			buildSettings = {
				ASSETCATALOG_COMPILER_APPICON_NAME = AppIcon;
				DEVELOPMENT_TEAM = XP6SS4MYGN;
				INFOPLIST_FILE = listenUp/Info.plist;
				LD_RUNPATH_SEARCH_PATHS = "$(inherited) @executable_path/Frameworks";
				PRODUCT_BUNDLE_IDENTIFIER = mmg.listenUp;
				PRODUCT_NAME = "$(TARGET_NAME)";
				SWIFT_VERSION = 3.0;
			};
			name = Release;
		};
		4858079D1EE41DB70069C3D2 /* Debug */ = {
			isa = XCBuildConfiguration;
			buildSettings = {
				ALWAYS_EMBED_SWIFT_STANDARD_LIBRARIES = YES;
				BUNDLE_LOADER = "$(TEST_HOST)";
				DEVELOPMENT_TEAM = XP6SS4MYGN;
				INFOPLIST_FILE = listenUpTests/Info.plist;
				LD_RUNPATH_SEARCH_PATHS = "$(inherited) @executable_path/Frameworks @loader_path/Frameworks";
				PRODUCT_BUNDLE_IDENTIFIER = mmg.listenUpTests;
				PRODUCT_NAME = "$(TARGET_NAME)";
				SWIFT_VERSION = 3.0;
				TEST_HOST = "$(BUILT_PRODUCTS_DIR)/listenUp.app/listenUp";
			};
			name = Debug;
		};
		4858079E1EE41DB70069C3D2 /* Release */ = {
			isa = XCBuildConfiguration;
			buildSettings = {
				ALWAYS_EMBED_SWIFT_STANDARD_LIBRARIES = YES;
				BUNDLE_LOADER = "$(TEST_HOST)";
				DEVELOPMENT_TEAM = XP6SS4MYGN;
				INFOPLIST_FILE = listenUpTests/Info.plist;
				LD_RUNPATH_SEARCH_PATHS = "$(inherited) @executable_path/Frameworks @loader_path/Frameworks";
				PRODUCT_BUNDLE_IDENTIFIER = mmg.listenUpTests;
				PRODUCT_NAME = "$(TARGET_NAME)";
				SWIFT_VERSION = 3.0;
				TEST_HOST = "$(BUILT_PRODUCTS_DIR)/listenUp.app/listenUp";
			};
			name = Release;
		};
		485807A01EE41DB70069C3D2 /* Debug */ = {
			isa = XCBuildConfiguration;
			buildSettings = {
				ALWAYS_EMBED_SWIFT_STANDARD_LIBRARIES = YES;
				DEVELOPMENT_TEAM = XP6SS4MYGN;
				INFOPLIST_FILE = listenUpUITests/Info.plist;
				LD_RUNPATH_SEARCH_PATHS = "$(inherited) @executable_path/Frameworks @loader_path/Frameworks";
				PRODUCT_BUNDLE_IDENTIFIER = mmg.listenUpUITests;
				PRODUCT_NAME = "$(TARGET_NAME)";
				SWIFT_VERSION = 3.0;
				TEST_TARGET_NAME = listenUp;
			};
			name = Debug;
		};
		485807A11EE41DB70069C3D2 /* Release */ = {
			isa = XCBuildConfiguration;
			buildSettings = {
				ALWAYS_EMBED_SWIFT_STANDARD_LIBRARIES = YES;
				DEVELOPMENT_TEAM = XP6SS4MYGN;
				INFOPLIST_FILE = listenUpUITests/Info.plist;
				LD_RUNPATH_SEARCH_PATHS = "$(inherited) @executable_path/Frameworks @loader_path/Frameworks";
				PRODUCT_BUNDLE_IDENTIFIER = mmg.listenUpUITests;
				PRODUCT_NAME = "$(TARGET_NAME)";
				SWIFT_VERSION = 3.0;
				TEST_TARGET_NAME = listenUp;
			};
			name = Release;
		};
/* End XCBuildConfiguration section */

/* Begin XCConfigurationList section */
		485807691EE41DB70069C3D2 /* Build configuration list for PBXProject "listenUp" */ = {
			isa = XCConfigurationList;
			buildConfigurations = (
				485807971EE41DB70069C3D2 /* Debug */,
				485807981EE41DB70069C3D2 /* Release */,
			);
			defaultConfigurationIsVisible = 0;
			defaultConfigurationName = Release;
		};
		485807991EE41DB70069C3D2 /* Build configuration list for PBXNativeTarget "listenUp" */ = {
			isa = XCConfigurationList;
			buildConfigurations = (
				4858079A1EE41DB70069C3D2 /* Debug */,
				4858079B1EE41DB70069C3D2 /* Release */,
			);
			defaultConfigurationIsVisible = 0;
			defaultConfigurationName = Release;
		};
		4858079C1EE41DB70069C3D2 /* Build configuration list for PBXNativeTarget "listenUpTests" */ = {
			isa = XCConfigurationList;
			buildConfigurations = (
				4858079D1EE41DB70069C3D2 /* Debug */,
				4858079E1EE41DB70069C3D2 /* Release */,
			);
			defaultConfigurationIsVisible = 0;
			defaultConfigurationName = Release;
		};
		4858079F1EE41DB70069C3D2 /* Build configuration list for PBXNativeTarget "listenUpUITests" */ = {
			isa = XCConfigurationList;
			buildConfigurations = (
				485807A01EE41DB70069C3D2 /* Debug */,
				485807A11EE41DB70069C3D2 /* Release */,
			);
			defaultConfigurationIsVisible = 0;
			defaultConfigurationName = Release;
		};
/* End XCConfigurationList section */

/* Begin XCVersionGroup section */
		485807781EE41DB70069C3D2 /* listenUp.xcdatamodeld */ = {
			isa = XCVersionGroup;
			children = (
				485807791EE41DB70069C3D2 /* listenUp.xcdatamodel */,
			);
			currentVersion = 485807791EE41DB70069C3D2 /* listenUp.xcdatamodel */;
			path = listenUp.xcdatamodeld;
			sourceTree = "<group>";
			versionGroupType = wrapper.xcdatamodel;
		};
/* End XCVersionGroup section */
	};
	rootObject = 485807661EE41DB70069C3D2 /* Project object */;
}
